// !$*UTF8*$!
{
	archiveVersion = 1;
	classes = {
	};
	objectVersion = 56;
	objects = {

/* Begin PBXBuildFile section */
		88132BAE293A309700C0AAC6 /* AppDelegate.swift in Sources */ = {isa = PBXBuildFile; fileRef = 88132BAD293A309700C0AAC6 /* AppDelegate.swift */; };
		88132BB0293A309700C0AAC6 /* ViewController.swift in Sources */ = {isa = PBXBuildFile; fileRef = 88132BAF293A309700C0AAC6 /* ViewController.swift */; };
		88132BB2293A309800C0AAC6 /* Assets.xcassets in Resources */ = {isa = PBXBuildFile; fileRef = 88132BB1293A309800C0AAC6 /* Assets.xcassets */; };
		88132BB5293A309800C0AAC6 /* Main.storyboard in Resources */ = {isa = PBXBuildFile; fileRef = 88132BB3293A309800C0AAC6 /* Main.storyboard */; };
		88132BC1293B294D00C0AAC6 /* ScrollWheelDelta.swift in Sources */ = {isa = PBXBuildFile; fileRef = 88132BC0293B294D00C0AAC6 /* ScrollWheelDelta.swift */; };
		88132BC3293B4C6A00C0AAC6 /* WindowUtil.swift in Sources */ = {isa = PBXBuildFile; fileRef = 88132BC2293B4C6A00C0AAC6 /* WindowUtil.swift */; };
		88132BC5293B4CBE00C0AAC6 /* TimeoutCache.swift in Sources */ = {isa = PBXBuildFile; fileRef = 88132BC4293B4CBD00C0AAC6 /* TimeoutCache.swift */; };
		88132BC8293B4CE100C0AAC6 /* DispatchTimeExtension.swift in Sources */ = {isa = PBXBuildFile; fileRef = 88132BC7293B4CE100C0AAC6 /* DispatchTimeExtension.swift */; };
		88132BCA293B4D1500C0AAC6 /* CFExtension.swift in Sources */ = {isa = PBXBuildFile; fileRef = 88132BC9293B4D1500C0AAC6 /* CFExtension.swift */; };
		88132BCC293B95FE00C0AAC6 /* AccessibilityElement.swift in Sources */ = {isa = PBXBuildFile; fileRef = 88132BCB293B95FE00C0AAC6 /* AccessibilityElement.swift */; };
		88132BCE293B963200C0AAC6 /* AXExtension.swift in Sources */ = {isa = PBXBuildFile; fileRef = 88132BCD293B963200C0AAC6 /* AXExtension.swift */; };
		886F2E03293CC57A00311048 /* AccessibilityAuthorization.swift in Sources */ = {isa = PBXBuildFile; fileRef = 886F2E01293CC57A00311048 /* AccessibilityAuthorization.swift */; };
		886F2E04293CC57A00311048 /* AccessibilityWindowController.swift in Sources */ = {isa = PBXBuildFile; fileRef = 886F2E02293CC57A00311048 /* AccessibilityWindowController.swift */; };
/* End PBXBuildFile section */

/* Begin PBXFileReference section */
		88132BAA293A309700C0AAC6 /* Magic-Ges-Lite.app */ = {isa = PBXFileReference; explicitFileType = wrapper.application; includeInIndex = 0; path = "Magic-Ges-Lite.app"; sourceTree = BUILT_PRODUCTS_DIR; };
		88132BAD293A309700C0AAC6 /* AppDelegate.swift */ = {isa = PBXFileReference; lastKnownFileType = sourcecode.swift; path = AppDelegate.swift; sourceTree = "<group>"; };
		88132BAF293A309700C0AAC6 /* ViewController.swift */ = {isa = PBXFileReference; lastKnownFileType = sourcecode.swift; path = ViewController.swift; sourceTree = "<group>"; };
		88132BB1293A309800C0AAC6 /* Assets.xcassets */ = {isa = PBXFileReference; lastKnownFileType = folder.assetcatalog; path = Assets.xcassets; sourceTree = "<group>"; };
		88132BB4293A309800C0AAC6 /* Base */ = {isa = PBXFileReference; lastKnownFileType = file.storyboard; name = Base; path = Base.lproj/Main.storyboard; sourceTree = "<group>"; };
		88132BB6293A309800C0AAC6 /* Magic_Ges_Lite.entitlements */ = {isa = PBXFileReference; lastKnownFileType = text.plist.entitlements; path = Magic_Ges_Lite.entitlements; sourceTree = "<group>"; };
		88132BC0293B294D00C0AAC6 /* ScrollWheelDelta.swift */ = {isa = PBXFileReference; lastKnownFileType = sourcecode.swift; path = ScrollWheelDelta.swift; sourceTree = "<group>"; };
		88132BC2293B4C6A00C0AAC6 /* WindowUtil.swift */ = {isa = PBXFileReference; fileEncoding = 4; lastKnownFileType = sourcecode.swift; path = WindowUtil.swift; sourceTree = "<group>"; };
		88132BC4293B4CBD00C0AAC6 /* TimeoutCache.swift */ = {isa = PBXFileReference; fileEncoding = 4; lastKnownFileType = sourcecode.swift; path = TimeoutCache.swift; sourceTree = "<group>"; };
		88132BC7293B4CE100C0AAC6 /* DispatchTimeExtension.swift */ = {isa = PBXFileReference; fileEncoding = 4; lastKnownFileType = sourcecode.swift; path = DispatchTimeExtension.swift; sourceTree = "<group>"; };
		88132BC9293B4D1500C0AAC6 /* CFExtension.swift */ = {isa = PBXFileReference; fileEncoding = 4; lastKnownFileType = sourcecode.swift; path = CFExtension.swift; sourceTree = "<group>"; };
		88132BCB293B95FE00C0AAC6 /* AccessibilityElement.swift */ = {isa = PBXFileReference; fileEncoding = 4; lastKnownFileType = sourcecode.swift; path = AccessibilityElement.swift; sourceTree = "<group>"; };
		88132BCD293B963200C0AAC6 /* AXExtension.swift */ = {isa = PBXFileReference; fileEncoding = 4; lastKnownFileType = sourcecode.swift; path = AXExtension.swift; sourceTree = "<group>"; };
		886F2E01293CC57A00311048 /* AccessibilityAuthorization.swift */ = {isa = PBXFileReference; fileEncoding = 4; lastKnownFileType = sourcecode.swift; path = AccessibilityAuthorization.swift; sourceTree = "<group>"; };
		886F2E02293CC57A00311048 /* AccessibilityWindowController.swift */ = {isa = PBXFileReference; fileEncoding = 4; lastKnownFileType = sourcecode.swift; path = AccessibilityWindowController.swift; sourceTree = "<group>"; };
/* End PBXFileReference section */

/* Begin PBXFrameworksBuildPhase section */
		88132BA7293A309700C0AAC6 /* Frameworks */ = {
			isa = PBXFrameworksBuildPhase;
			buildActionMask = 2147483647;
			files = (
			);
			runOnlyForDeploymentPostprocessing = 0;
		};
/* End PBXFrameworksBuildPhase section */

/* Begin PBXGroup section */
		88132BA1293A309700C0AAC6 = {
			isa = PBXGroup;
			children = (
				88132BAC293A309700C0AAC6 /* Magic-Ges-Lite */,
				88132BAB293A309700C0AAC6 /* Products */,
			);
			sourceTree = "<group>";
		};
		88132BAB293A309700C0AAC6 /* Products */ = {
			isa = PBXGroup;
			children = (
				88132BAA293A309700C0AAC6 /* Magic-Ges-Lite.app */,
			);
			name = Products;
			sourceTree = "<group>";
		};
		88132BAC293A309700C0AAC6 /* Magic-Ges-Lite */ = {
			isa = PBXGroup;
			children = (
				886F2E00293CC57A00311048 /* AccessibilityAuthorization */,
				88132BC6293B4CC200C0AAC6 /* Utils */,
				88132BAD293A309700C0AAC6 /* AppDelegate.swift */,
				88132BAF293A309700C0AAC6 /* ViewController.swift */,
				88132BC0293B294D00C0AAC6 /* ScrollWheelDelta.swift */,
				88132BB1293A309800C0AAC6 /* Assets.xcassets */,
				88132BB3293A309800C0AAC6 /* Main.storyboard */,
				88132BB6293A309800C0AAC6 /* Magic_Ges_Lite.entitlements */,
			);
			path = "Magic-Ges-Lite";
			sourceTree = "<group>";
		};
		88132BC6293B4CC200C0AAC6 /* Utils */ = {
			isa = PBXGroup;
			children = (
				88132BCD293B963200C0AAC6 /* AXExtension.swift */,
				88132BCB293B95FE00C0AAC6 /* AccessibilityElement.swift */,
				88132BC9293B4D1500C0AAC6 /* CFExtension.swift */,
				88132BC7293B4CE100C0AAC6 /* DispatchTimeExtension.swift */,
				88132BC2293B4C6A00C0AAC6 /* WindowUtil.swift */,
				88132BC4293B4CBD00C0AAC6 /* TimeoutCache.swift */,
			);
			path = Utils;
			sourceTree = "<group>";
		};
		886F2E00293CC57A00311048 /* AccessibilityAuthorization */ = {
			isa = PBXGroup;
			children = (
				886F2E01293CC57A00311048 /* AccessibilityAuthorization.swift */,
				886F2E02293CC57A00311048 /* AccessibilityWindowController.swift */,
			);
			path = AccessibilityAuthorization;
			sourceTree = "<group>";
		};
/* End PBXGroup section */

/* Begin PBXNativeTarget section */
		88132BA9293A309700C0AAC6 /* Magic-Ges-Lite */ = {
			isa = PBXNativeTarget;
			buildConfigurationList = 88132BB9293A309800C0AAC6 /* Build configuration list for PBXNativeTarget "Magic-Ges-Lite" */;
			buildPhases = (
				88132BA6293A309700C0AAC6 /* Sources */,
				88132BA7293A309700C0AAC6 /* Frameworks */,
				88132BA8293A309700C0AAC6 /* Resources */,
			);
			buildRules = (
			);
			dependencies = (
			);
			name = "Magic-Ges-Lite";
			productName = "Magic-Ges-Lite";
			productReference = 88132BAA293A309700C0AAC6 /* Magic-Ges-Lite.app */;
			productType = "com.apple.product-type.application";
		};
/* End PBXNativeTarget section */

/* Begin PBXProject section */
		88132BA2293A309700C0AAC6 /* Project object */ = {
			isa = PBXProject;
			attributes = {
				BuildIndependentTargetsInParallel = 1;
				LastSwiftUpdateCheck = 1410;
				LastUpgradeCheck = 1410;
				TargetAttributes = {
					88132BA9293A309700C0AAC6 = {
						CreatedOnToolsVersion = 14.1;
					};
				};
			};
			buildConfigurationList = 88132BA5293A309700C0AAC6 /* Build configuration list for PBXProject "Magic-Ges-Lite" */;
			compatibilityVersion = "Xcode 14.0";
			developmentRegion = en;
			hasScannedForEncodings = 0;
			knownRegions = (
				en,
				Base,
			);
			mainGroup = 88132BA1293A309700C0AAC6;
			productRefGroup = 88132BAB293A309700C0AAC6 /* Products */;
			projectDirPath = "";
			projectRoot = "";
			targets = (
				88132BA9293A309700C0AAC6 /* Magic-Ges-Lite */,
			);
		};
/* End PBXProject section */

/* Begin PBXResourcesBuildPhase section */
		88132BA8293A309700C0AAC6 /* Resources */ = {
			isa = PBXResourcesBuildPhase;
			buildActionMask = 2147483647;
			files = (
				88132BB2293A309800C0AAC6 /* Assets.xcassets in Resources */,
				88132BB5293A309800C0AAC6 /* Main.storyboard in Resources */,
			);
			runOnlyForDeploymentPostprocessing = 0;
		};
/* End PBXResourcesBuildPhase section */

/* Begin PBXSourcesBuildPhase section */
		88132BA6293A309700C0AAC6 /* Sources */ = {
			isa = PBXSourcesBuildPhase;
			buildActionMask = 2147483647;
			files = (
				88132BB0293A309700C0AAC6 /* ViewController.swift in Sources */,
				88132BC3293B4C6A00C0AAC6 /* WindowUtil.swift in Sources */,
				88132BCE293B963200C0AAC6 /* AXExtension.swift in Sources */,
				88132BC1293B294D00C0AAC6 /* ScrollWheelDelta.swift in Sources */,
				886F2E03293CC57A00311048 /* AccessibilityAuthorization.swift in Sources */,
				88132BAE293A309700C0AAC6 /* AppDelegate.swift in Sources */,
				88132BC8293B4CE100C0AAC6 /* DispatchTimeExtension.swift in Sources */,
				88132BC5293B4CBE00C0AAC6 /* TimeoutCache.swift in Sources */,
				886F2E04293CC57A00311048 /* AccessibilityWindowController.swift in Sources */,
				88132BCA293B4D1500C0AAC6 /* CFExtension.swift in Sources */,
				88132BCC293B95FE00C0AAC6 /* AccessibilityElement.swift in Sources */,
			);
			runOnlyForDeploymentPostprocessing = 0;
		};
/* End PBXSourcesBuildPhase section */

/* Begin PBXVariantGroup section */
		88132BB3293A309800C0AAC6 /* Main.storyboard */ = {
			isa = PBXVariantGroup;
			children = (
				88132BB4293A309800C0AAC6 /* Base */,
			);
			name = Main.storyboard;
			sourceTree = "<group>";
		};
/* End PBXVariantGroup section */

/* Begin XCBuildConfiguration section */
		88132BB7293A309800C0AAC6 /* Debug */ = {
			isa = XCBuildConfiguration;
			buildSettings = {
				ALWAYS_SEARCH_USER_PATHS = NO;
				CLANG_ANALYZER_NONNULL = YES;
				CLANG_ANALYZER_NUMBER_OBJECT_CONVERSION = YES_AGGRESSIVE;
				CLANG_CXX_LANGUAGE_STANDARD = "gnu++20";
				CLANG_ENABLE_MODULES = YES;
				CLANG_ENABLE_OBJC_ARC = YES;
				CLANG_ENABLE_OBJC_WEAK = YES;
				CLANG_WARN_BLOCK_CAPTURE_AUTORELEASING = YES;
				CLANG_WARN_BOOL_CONVERSION = YES;
				CLANG_WARN_COMMA = YES;
				CLANG_WARN_CONSTANT_CONVERSION = YES;
				CLANG_WARN_DEPRECATED_OBJC_IMPLEMENTATIONS = YES;
				CLANG_WARN_DIRECT_OBJC_ISA_USAGE = YES_ERROR;
				CLANG_WARN_DOCUMENTATION_COMMENTS = YES;
				CLANG_WARN_EMPTY_BODY = YES;
				CLANG_WARN_ENUM_CONVERSION = YES;
				CLANG_WARN_INFINITE_RECURSION = YES;
				CLANG_WARN_INT_CONVERSION = YES;
				CLANG_WARN_NON_LITERAL_NULL_CONVERSION = YES;
				CLANG_WARN_OBJC_IMPLICIT_RETAIN_SELF = YES;
				CLANG_WARN_OBJC_LITERAL_CONVERSION = YES;
				CLANG_WARN_OBJC_ROOT_CLASS = YES_ERROR;
				CLANG_WARN_QUOTED_INCLUDE_IN_FRAMEWORK_HEADER = YES;
				CLANG_WARN_RANGE_LOOP_ANALYSIS = YES;
				CLANG_WARN_STRICT_PROTOTYPES = YES;
				CLANG_WARN_SUSPICIOUS_MOVE = YES;
				CLANG_WARN_UNGUARDED_AVAILABILITY = YES_AGGRESSIVE;
				CLANG_WARN_UNREACHABLE_CODE = YES;
				CLANG_WARN__DUPLICATE_METHOD_MATCH = YES;
				COPY_PHASE_STRIP = NO;
				DEBUG_INFORMATION_FORMAT = dwarf;
				ENABLE_STRICT_OBJC_MSGSEND = YES;
				ENABLE_TESTABILITY = YES;
				GCC_C_LANGUAGE_STANDARD = gnu11;
				GCC_DYNAMIC_NO_PIC = NO;
				GCC_NO_COMMON_BLOCKS = YES;
				GCC_OPTIMIZATION_LEVEL = 0;
				GCC_PREPROCESSOR_DEFINITIONS = (
					"DEBUG=1",
					"$(inherited)",
				);
				GCC_WARN_64_TO_32_BIT_CONVERSION = YES;
				GCC_WARN_ABOUT_RETURN_TYPE = YES_ERROR;
				GCC_WARN_UNDECLARED_SELECTOR = YES;
				GCC_WARN_UNINITIALIZED_AUTOS = YES_AGGRESSIVE;
				GCC_WARN_UNUSED_FUNCTION = YES;
				GCC_WARN_UNUSED_VARIABLE = YES;
				MACOSX_DEPLOYMENT_TARGET = 13.0;
				MTL_ENABLE_DEBUG_INFO = INCLUDE_SOURCE;
				MTL_FAST_MATH = YES;
				ONLY_ACTIVE_ARCH = YES;
				SDKROOT = macosx;
				SWIFT_ACTIVE_COMPILATION_CONDITIONS = DEBUG;
				SWIFT_OPTIMIZATION_LEVEL = "-Onone";
			};
			name = Debug;
		};
		88132BB8293A309800C0AAC6 /* Release */ = {
			isa = XCBuildConfiguration;
			buildSettings = {
				ALWAYS_SEARCH_USER_PATHS = NO;
				CLANG_ANALYZER_NONNULL = YES;
				CLANG_ANALYZER_NUMBER_OBJECT_CONVERSION = YES_AGGRESSIVE;
				CLANG_CXX_LANGUAGE_STANDARD = "gnu++20";
				CLANG_ENABLE_MODULES = YES;
				CLANG_ENABLE_OBJC_ARC = YES;
				CLANG_ENABLE_OBJC_WEAK = YES;
				CLANG_WARN_BLOCK_CAPTURE_AUTORELEASING = YES;
				CLANG_WARN_BOOL_CONVERSION = YES;
				CLANG_WARN_COMMA = YES;
				CLANG_WARN_CONSTANT_CONVERSION = YES;
				CLANG_WARN_DEPRECATED_OBJC_IMPLEMENTATIONS = YES;
				CLANG_WARN_DIRECT_OBJC_ISA_USAGE = YES_ERROR;
				CLANG_WARN_DOCUMENTATION_COMMENTS = YES;
				CLANG_WARN_EMPTY_BODY = YES;
				CLANG_WARN_ENUM_CONVERSION = YES;
				CLANG_WARN_INFINITE_RECURSION = YES;
				CLANG_WARN_INT_CONVERSION = YES;
				CLANG_WARN_NON_LITERAL_NULL_CONVERSION = YES;
				CLANG_WARN_OBJC_IMPLICIT_RETAIN_SELF = YES;
				CLANG_WARN_OBJC_LITERAL_CONVERSION = YES;
				CLANG_WARN_OBJC_ROOT_CLASS = YES_ERROR;
				CLANG_WARN_QUOTED_INCLUDE_IN_FRAMEWORK_HEADER = YES;
				CLANG_WARN_RANGE_LOOP_ANALYSIS = YES;
				CLANG_WARN_STRICT_PROTOTYPES = YES;
				CLANG_WARN_SUSPICIOUS_MOVE = YES;
				CLANG_WARN_UNGUARDED_AVAILABILITY = YES_AGGRESSIVE;
				CLANG_WARN_UNREACHABLE_CODE = YES;
				CLANG_WARN__DUPLICATE_METHOD_MATCH = YES;
				COPY_PHASE_STRIP = NO;
				DEBUG_INFORMATION_FORMAT = "dwarf-with-dsym";
				ENABLE_NS_ASSERTIONS = NO;
				ENABLE_STRICT_OBJC_MSGSEND = YES;
				GCC_C_LANGUAGE_STANDARD = gnu11;
				GCC_NO_COMMON_BLOCKS = YES;
				GCC_WARN_64_TO_32_BIT_CONVERSION = YES;
				GCC_WARN_ABOUT_RETURN_TYPE = YES_ERROR;
				GCC_WARN_UNDECLARED_SELECTOR = YES;
				GCC_WARN_UNINITIALIZED_AUTOS = YES_AGGRESSIVE;
				GCC_WARN_UNUSED_FUNCTION = YES;
				GCC_WARN_UNUSED_VARIABLE = YES;
				MACOSX_DEPLOYMENT_TARGET = 13.0;
				MTL_ENABLE_DEBUG_INFO = NO;
				MTL_FAST_MATH = YES;
				SDKROOT = macosx;
				SWIFT_COMPILATION_MODE = wholemodule;
				SWIFT_OPTIMIZATION_LEVEL = "-O";
			};
			name = Release;
		};
		88132BBA293A309800C0AAC6 /* Debug */ = {
			isa = XCBuildConfiguration;
			buildSettings = {
				ASSETCATALOG_COMPILER_APPICON_NAME = AppIcon;
				ASSETCATALOG_COMPILER_GLOBAL_ACCENT_COLOR_NAME = AccentColor;
				CODE_SIGN_ENTITLEMENTS = "Magic-Ges-Lite/Magic_Ges_Lite.entitlements";
				CODE_SIGN_STYLE = Automatic;
				COMBINE_HIDPI_IMAGES = YES;
				CURRENT_PROJECT_VERSION = 1;
				DEVELOPMENT_TEAM = 2CR46MA89R;
				ENABLE_HARDENED_RUNTIME = YES;
				GENERATE_INFOPLIST_FILE = YES;
				INFOPLIST_KEY_NSHumanReadableCopyright = "";
				INFOPLIST_KEY_NSMainStoryboardFile = Main;
				INFOPLIST_KEY_NSPrincipalClass = NSApplication;
				LD_RUNPATH_SEARCH_PATHS = (
					"$(inherited)",
					"@executable_path/../Frameworks",
				);
				MARKETING_VERSION = 1.0;
				PRODUCT_BUNDLE_IDENTIFIER = "com.wuyuezong.Magic-Ges-Lite";
				PRODUCT_NAME = "$(TARGET_NAME)";
				SWIFT_EMIT_LOC_STRINGS = YES;
				SWIFT_VERSION = 5.0;
			};
			name = Debug;
		};
		88132BBB293A309800C0AAC6 /* Release */ = {
			isa = XCBuildConfiguration;
			buildSettings = {
				ASSETCATALOG_COMPILER_APPICON_NAME = AppIcon;
				ASSETCATALOG_COMPILER_GLOBAL_ACCENT_COLOR_NAME = AccentColor;
				CODE_SIGN_ENTITLEMENTS = "Magic-Ges-Lite/Magic_Ges_Lite.entitlements";
				CODE_SIGN_STYLE = Automatic;
				COMBINE_HIDPI_IMAGES = YES;
				CURRENT_PROJECT_VERSION = 1;
				DEVELOPMENT_TEAM = 2CR46MA89R;
				ENABLE_HARDENED_RUNTIME = YES;
				GENERATE_INFOPLIST_FILE = YES;
				INFOPLIST_KEY_NSHumanReadableCopyright = "";
				INFOPLIST_KEY_NSMainStoryboardFile = Main;
				INFOPLIST_KEY_NSPrincipalClass = NSApplication;
				LD_RUNPATH_SEARCH_PATHS = (
					"$(inherited)",
					"@executable_path/../Frameworks",
				);
				MARKETING_VERSION = 1.0;
				PRODUCT_BUNDLE_IDENTIFIER = "com.wuyuezong.Magic-Ges-Lite";
				PRODUCT_NAME = "$(TARGET_NAME)";
				SWIFT_EMIT_LOC_STRINGS = YES;
				SWIFT_VERSION = 5.0;
			};
			name = Release;
		};
/* End XCBuildConfiguration section */

/* Begin XCConfigurationList section */
		88132BA5293A309700C0AAC6 /* Build configuration list for PBXProject "Magic-Ges-Lite" */ = {
			isa = XCConfigurationList;
			buildConfigurations = (
				88132BB7293A309800C0AAC6 /* Debug */,
				88132BB8293A309800C0AAC6 /* Release */,
			);
			defaultConfigurationIsVisible = 0;
			defaultConfigurationName = Release;
		};
		88132BB9293A309800C0AAC6 /* Build configuration list for PBXNativeTarget "Magic-Ges-Lite" */ = {
			isa = XCConfigurationList;
			buildConfigurations = (
				88132BBA293A309800C0AAC6 /* Debug */,
				88132BBB293A309800C0AAC6 /* Release */,
			);
			defaultConfigurationIsVisible = 0;
			defaultConfigurationName = Release;
		};
/* End XCConfigurationList section */
	};
	rootObject = 88132BA2293A309700C0AAC6 /* Project object */;
}
