// !$*UTF8*$!
{
	archiveVersion = 1;
	classes = {
	};
	objectVersion = 56;
	objects = {

/* Begin PBXBuildFile section */
		88132BAE293A309700C0AAC6 /* AppDelegate.swift in Sources */ = {isa = PBXBuildFile; fileRef = 88132BAD293A309700C0AAC6 /* AppDelegate.swift */; };
		88132BB2293A309800C0AAC6 /* Assets.xcassets in Resources */ = {isa = PBXBuildFile; fileRef = 88132BB1293A309800C0AAC6 /* Assets.xcassets */; };
		88132BB5293A309800C0AAC6 /* Main.storyboard in Resources */ = {isa = PBXBuildFile; fileRef = 88132BB3293A309800C0AAC6 /* Main.storyboard */; };
		8872691E2944943600B40B52 /* RequestAccessabilityView.swift in Sources */ = {isa = PBXBuildFile; fileRef = 887268FC2944943500B40B52 /* RequestAccessabilityView.swift */; };
		8872691F2944943600B40B52 /* BaseSettingView.swift in Sources */ = {isa = PBXBuildFile; fileRef = 887268FD2944943500B40B52 /* BaseSettingView.swift */; };
		887269292944943600B40B52 /* ThanksItemView.swift in Sources */ = {isa = PBXBuildFile; fileRef = 887269092944943500B40B52 /* ThanksItemView.swift */; };
		8872692A2944943600B40B52 /* AboutAppView.swift in Sources */ = {isa = PBXBuildFile; fileRef = 8872690A2944943500B40B52 /* AboutAppView.swift */; };
		8872692B2944943600B40B52 /* FontExtension.swift in Sources */ = {isa = PBXBuildFile; fileRef = 8872690C2944943500B40B52 /* FontExtension.swift */; };
		8872692C2944943600B40B52 /* Nickainley-Normal.otf in Resources */ = {isa = PBXBuildFile; fileRef = 8872690D2944943500B40B52 /* Nickainley-Normal.otf */; };
		8872692D2944943600B40B52 /* StateWindow.swift in Sources */ = {isa = PBXBuildFile; fileRef = 8872690F2944943500B40B52 /* StateWindow.swift */; };
		8872692E2944943600B40B52 /* StateAction.swift in Sources */ = {isa = PBXBuildFile; fileRef = 887269102944943500B40B52 /* StateAction.swift */; };
		8872692F2944943600B40B52 /* SystemImages.swift in Sources */ = {isa = PBXBuildFile; fileRef = 887269122944943500B40B52 /* SystemImages.swift */; };
		887269302944943600B40B52 /* Localizable.strings in Resources */ = {isa = PBXBuildFile; fileRef = 887269142944943600B40B52 /* Localizable.strings */; };
		887269312944943600B40B52 /* InfoPlist.strings in Resources */ = {isa = PBXBuildFile; fileRef = 887269162944943600B40B52 /* InfoPlist.strings */; };
		887269322944943600B40B52 /* LocalizeExtensions.swift in Sources */ = {isa = PBXBuildFile; fileRef = 887269182944943600B40B52 /* LocalizeExtensions.swift */; };
		887269332944943600B40B52 /* MenuItem.swift in Sources */ = {isa = PBXBuildFile; fileRef = 8872691A2944943600B40B52 /* MenuItem.swift */; };
		887269342944943600B40B52 /* MagicMouseView.swift in Sources */ = {isa = PBXBuildFile; fileRef = 8872691C2944943600B40B52 /* MagicMouseView.swift */; };
		887269352944943600B40B52 /* GestureInfoCellView.swift in Sources */ = {isa = PBXBuildFile; fileRef = 8872691D2944943600B40B52 /* GestureInfoCellView.swift */; };
		88726938294494E900B40B52 /* LaunchAtLogin in Frameworks */ = {isa = PBXBuildFile; productRef = 88726937294494E900B40B52 /* LaunchAtLogin */; };
		8872693B294497CB00B40B52 /* ContentView.swift in Sources */ = {isa = PBXBuildFile; fileRef = 8872693A294497CB00B40B52 /* ContentView.swift */; };
		8872693D29449A0500B40B52 /* ContentWindow.swift in Sources */ = {isa = PBXBuildFile; fileRef = 8872693C29449A0500B40B52 /* ContentWindow.swift */; };
		887269492944BB0300B40B52 /* WindowUtil.swift in Sources */ = {isa = PBXBuildFile; fileRef = 887269402944BB0300B40B52 /* WindowUtil.swift */; };
		8872694A2944BB0300B40B52 /* WZMagicMouseHandle.swift in Sources */ = {isa = PBXBuildFile; fileRef = 887269412944BB0300B40B52 /* WZMagicMouseHandle.swift */; };
		8872694B2944BB0300B40B52 /* CFExtension.swift in Sources */ = {isa = PBXBuildFile; fileRef = 887269422944BB0300B40B52 /* CFExtension.swift */; };
		8872694C2944BB0300B40B52 /* TimeoutCache.swift in Sources */ = {isa = PBXBuildFile; fileRef = 887269432944BB0300B40B52 /* TimeoutCache.swift */; };
		8872694D2944BB0300B40B52 /* DispatchTimeExtension.swift in Sources */ = {isa = PBXBuildFile; fileRef = 887269442944BB0300B40B52 /* DispatchTimeExtension.swift */; };
		8872694E2944BB0300B40B52 /* AXExtension.swift in Sources */ = {isa = PBXBuildFile; fileRef = 887269452944BB0300B40B52 /* AXExtension.swift */; };
		8872694F2944BB0300B40B52 /* HalfFishSomething.swift in Sources */ = {isa = PBXBuildFile; fileRef = 887269462944BB0300B40B52 /* HalfFishSomething.swift */; };
		887269502944BB0300B40B52 /* CGRectExtension.swift in Sources */ = {isa = PBXBuildFile; fileRef = 887269472944BB0300B40B52 /* CGRectExtension.swift */; };
		887269512944BB0300B40B52 /* UserDefaults.swift in Sources */ = {isa = PBXBuildFile; fileRef = 887269482944BB0300B40B52 /* UserDefaults.swift */; };
/* End PBXBuildFile section */

/* Begin PBXFileReference section */
		88132BAA293A309700C0AAC6 /* Magic-Ges-Lite.app */ = {isa = PBXFileReference; explicitFileType = wrapper.application; includeInIndex = 0; path = "Magic-Ges-Lite.app"; sourceTree = BUILT_PRODUCTS_DIR; };
		88132BAD293A309700C0AAC6 /* AppDelegate.swift */ = {isa = PBXFileReference; lastKnownFileType = sourcecode.swift; path = AppDelegate.swift; sourceTree = "<group>"; };
		88132BB1293A309800C0AAC6 /* Assets.xcassets */ = {isa = PBXFileReference; lastKnownFileType = folder.assetcatalog; path = Assets.xcassets; sourceTree = "<group>"; };
		88132BB4293A309800C0AAC6 /* Base */ = {isa = PBXFileReference; lastKnownFileType = file.storyboard; name = Base; path = Base.lproj/Main.storyboard; sourceTree = "<group>"; };
		88132BB6293A309800C0AAC6 /* Magic_Ges_Lite.entitlements */ = {isa = PBXFileReference; lastKnownFileType = text.plist.entitlements; path = Magic_Ges_Lite.entitlements; sourceTree = "<group>"; };
		887268FC2944943500B40B52 /* RequestAccessabilityView.swift */ = {isa = PBXFileReference; fileEncoding = 4; lastKnownFileType = sourcecode.swift; path = RequestAccessabilityView.swift; sourceTree = "<group>"; };
		887268FD2944943500B40B52 /* BaseSettingView.swift */ = {isa = PBXFileReference; fileEncoding = 4; lastKnownFileType = sourcecode.swift; path = BaseSettingView.swift; sourceTree = "<group>"; };
		887269092944943500B40B52 /* ThanksItemView.swift */ = {isa = PBXFileReference; fileEncoding = 4; lastKnownFileType = sourcecode.swift; path = ThanksItemView.swift; sourceTree = "<group>"; };
		8872690A2944943500B40B52 /* AboutAppView.swift */ = {isa = PBXFileReference; fileEncoding = 4; lastKnownFileType = sourcecode.swift; path = AboutAppView.swift; sourceTree = "<group>"; };
		8872690C2944943500B40B52 /* FontExtension.swift */ = {isa = PBXFileReference; fileEncoding = 4; lastKnownFileType = sourcecode.swift; path = FontExtension.swift; sourceTree = "<group>"; };
		8872690D2944943500B40B52 /* Nickainley-Normal.otf */ = {isa = PBXFileReference; lastKnownFileType = file; path = "Nickainley-Normal.otf"; sourceTree = "<group>"; };
		8872690F2944943500B40B52 /* StateWindow.swift */ = {isa = PBXFileReference; fileEncoding = 4; lastKnownFileType = sourcecode.swift; path = StateWindow.swift; sourceTree = "<group>"; };
		887269102944943500B40B52 /* StateAction.swift */ = {isa = PBXFileReference; fileEncoding = 4; lastKnownFileType = sourcecode.swift; path = StateAction.swift; sourceTree = "<group>"; };
		887269122944943500B40B52 /* SystemImages.swift */ = {isa = PBXFileReference; fileEncoding = 4; lastKnownFileType = sourcecode.swift; path = SystemImages.swift; sourceTree = "<group>"; };
		887269152944943600B40B52 /* zh-Hans */ = {isa = PBXFileReference; lastKnownFileType = text.plist.strings; name = "zh-Hans"; path = "zh-Hans.lproj/Localizable.strings"; sourceTree = "<group>"; };
		887269172944943600B40B52 /* zh-Hans */ = {isa = PBXFileReference; lastKnownFileType = text.plist.strings; name = "zh-Hans"; path = "zh-Hans.lproj/InfoPlist.strings"; sourceTree = "<group>"; };
		887269182944943600B40B52 /* LocalizeExtensions.swift */ = {isa = PBXFileReference; fileEncoding = 4; lastKnownFileType = sourcecode.swift; path = LocalizeExtensions.swift; sourceTree = "<group>"; };
		887269192944943600B40B52 /* en */ = {isa = PBXFileReference; lastKnownFileType = text.plist.strings; name = en; path = en.lproj/InfoPlist.strings; sourceTree = "<group>"; };
		8872691A2944943600B40B52 /* MenuItem.swift */ = {isa = PBXFileReference; fileEncoding = 4; lastKnownFileType = sourcecode.swift; path = MenuItem.swift; sourceTree = "<group>"; };
		8872691C2944943600B40B52 /* MagicMouseView.swift */ = {isa = PBXFileReference; fileEncoding = 4; lastKnownFileType = sourcecode.swift; path = MagicMouseView.swift; sourceTree = "<group>"; };
		8872691D2944943600B40B52 /* GestureInfoCellView.swift */ = {isa = PBXFileReference; fileEncoding = 4; lastKnownFileType = sourcecode.swift; path = GestureInfoCellView.swift; sourceTree = "<group>"; };
		8872693A294497CB00B40B52 /* ContentView.swift */ = {isa = PBXFileReference; fileEncoding = 4; lastKnownFileType = sourcecode.swift; path = ContentView.swift; sourceTree = "<group>"; };
		8872693C29449A0500B40B52 /* ContentWindow.swift */ = {isa = PBXFileReference; lastKnownFileType = sourcecode.swift; path = ContentWindow.swift; sourceTree = "<group>"; };
		8872693E2944ADFE00B40B52 /* Info.plist */ = {isa = PBXFileReference; lastKnownFileType = text.plist; path = Info.plist; sourceTree = "<group>"; };
		887269402944BB0300B40B52 /* WindowUtil.swift */ = {isa = PBXFileReference; fileEncoding = 4; lastKnownFileType = sourcecode.swift; path = WindowUtil.swift; sourceTree = "<group>"; };
		887269412944BB0300B40B52 /* WZMagicMouseHandle.swift */ = {isa = PBXFileReference; fileEncoding = 4; lastKnownFileType = sourcecode.swift; path = WZMagicMouseHandle.swift; sourceTree = "<group>"; };
		887269422944BB0300B40B52 /* CFExtension.swift */ = {isa = PBXFileReference; fileEncoding = 4; lastKnownFileType = sourcecode.swift; path = CFExtension.swift; sourceTree = "<group>"; };
		887269432944BB0300B40B52 /* TimeoutCache.swift */ = {isa = PBXFileReference; fileEncoding = 4; lastKnownFileType = sourcecode.swift; path = TimeoutCache.swift; sourceTree = "<group>"; };
		887269442944BB0300B40B52 /* DispatchTimeExtension.swift */ = {isa = PBXFileReference; fileEncoding = 4; lastKnownFileType = sourcecode.swift; path = DispatchTimeExtension.swift; sourceTree = "<group>"; };
		887269452944BB0300B40B52 /* AXExtension.swift */ = {isa = PBXFileReference; fileEncoding = 4; lastKnownFileType = sourcecode.swift; path = AXExtension.swift; sourceTree = "<group>"; };
		887269462944BB0300B40B52 /* HalfFishSomething.swift */ = {isa = PBXFileReference; fileEncoding = 4; lastKnownFileType = sourcecode.swift; path = HalfFishSomething.swift; sourceTree = "<group>"; };
		887269472944BB0300B40B52 /* CGRectExtension.swift */ = {isa = PBXFileReference; fileEncoding = 4; lastKnownFileType = sourcecode.swift; path = CGRectExtension.swift; sourceTree = "<group>"; };
		887269482944BB0300B40B52 /* UserDefaults.swift */ = {isa = PBXFileReference; fileEncoding = 4; lastKnownFileType = sourcecode.swift; path = UserDefaults.swift; sourceTree = "<group>"; };
/* End PBXFileReference section */

/* Begin PBXFrameworksBuildPhase section */
		88132BA7293A309700C0AAC6 /* Frameworks */ = {
			isa = PBXFrameworksBuildPhase;
			buildActionMask = 2147483647;
			files = (
				88726938294494E900B40B52 /* LaunchAtLogin in Frameworks */,
			);
			runOnlyForDeploymentPostprocessing = 0;
		};
/* End PBXFrameworksBuildPhase section */

/* Begin PBXGroup section */
		88132BA1293A309700C0AAC6 = {
			isa = PBXGroup;
			children = (
				88132BAC293A309700C0AAC6 /* Magic-Ges-Lite */,
				88132BAB293A309700C0AAC6 /* Products */,
			);
			sourceTree = "<group>";
		};
		88132BAB293A309700C0AAC6 /* Products */ = {
			isa = PBXGroup;
			children = (
				88132BAA293A309700C0AAC6 /* Magic-Ges-Lite.app */,
			);
			name = Products;
			sourceTree = "<group>";
		};
		88132BAC293A309700C0AAC6 /* Magic-Ges-Lite */ = {
			isa = PBXGroup;
			children = (
				8872693E2944ADFE00B40B52 /* Info.plist */,
				88132BAD293A309700C0AAC6 /* AppDelegate.swift */,
				8872693C29449A0500B40B52 /* ContentWindow.swift */,
				8872693A294497CB00B40B52 /* ContentView.swift */,
				887269082944943500B40B52 /* About */,
				8872690B2944943500B40B52 /* Fonts */,
				8872690E2944943500B40B52 /* HUD */,
				8872691B2944943600B40B52 /* MagicMouse */,
				8872691A2944943600B40B52 /* MenuItem.swift */,
				887268FB2944943500B40B52 /* Settings */,
				887269132944943600B40B52 /* Strings */,
				887269112944943500B40B52 /* SystemImages */,
				8872693F2944BB0300B40B52 /* Utils */,
				88132BB1293A309800C0AAC6 /* Assets.xcassets */,
				88132BB3293A309800C0AAC6 /* Main.storyboard */,
				88132BB6293A309800C0AAC6 /* Magic_Ges_Lite.entitlements */,
			);
			path = "Magic-Ges-Lite";
			sourceTree = "<group>";
		};
		887268FB2944943500B40B52 /* Settings */ = {
			isa = PBXGroup;
			children = (
				887268FC2944943500B40B52 /* RequestAccessabilityView.swift */,
				887268FD2944943500B40B52 /* BaseSettingView.swift */,
			);
			path = Settings;
			sourceTree = "<group>";
		};
		887269082944943500B40B52 /* About */ = {
			isa = PBXGroup;
			children = (
				887269092944943500B40B52 /* ThanksItemView.swift */,
				8872690A2944943500B40B52 /* AboutAppView.swift */,
			);
			path = About;
			sourceTree = "<group>";
		};
		8872690B2944943500B40B52 /* Fonts */ = {
			isa = PBXGroup;
			children = (
				8872690D2944943500B40B52 /* Nickainley-Normal.otf */,
				8872690C2944943500B40B52 /* FontExtension.swift */,
			);
			path = Fonts;
			sourceTree = "<group>";
		};
		8872690E2944943500B40B52 /* HUD */ = {
			isa = PBXGroup;
			children = (
				8872690F2944943500B40B52 /* StateWindow.swift */,
				887269102944943500B40B52 /* StateAction.swift */,
			);
			path = HUD;
			sourceTree = "<group>";
		};
		887269112944943500B40B52 /* SystemImages */ = {
			isa = PBXGroup;
			children = (
				887269122944943500B40B52 /* SystemImages.swift */,
			);
			path = SystemImages;
			sourceTree = "<group>";
		};
		887269132944943600B40B52 /* Strings */ = {
			isa = PBXGroup;
			children = (
				887269142944943600B40B52 /* Localizable.strings */,
				887269162944943600B40B52 /* InfoPlist.strings */,
				887269182944943600B40B52 /* LocalizeExtensions.swift */,
			);
			path = Strings;
			sourceTree = "<group>";
		};
		8872691B2944943600B40B52 /* MagicMouse */ = {
			isa = PBXGroup;
			children = (
				8872691C2944943600B40B52 /* MagicMouseView.swift */,
				8872691D2944943600B40B52 /* GestureInfoCellView.swift */,
			);
			path = MagicMouse;
			sourceTree = "<group>";
		};
		8872693F2944BB0300B40B52 /* Utils */ = {
			isa = PBXGroup;
			children = (
				887269402944BB0300B40B52 /* WindowUtil.swift */,
				887269412944BB0300B40B52 /* WZMagicMouseHandle.swift */,
				887269422944BB0300B40B52 /* CFExtension.swift */,
				887269432944BB0300B40B52 /* TimeoutCache.swift */,
				887269442944BB0300B40B52 /* DispatchTimeExtension.swift */,
				887269452944BB0300B40B52 /* AXExtension.swift */,
				887269462944BB0300B40B52 /* HalfFishSomething.swift */,
				887269472944BB0300B40B52 /* CGRectExtension.swift */,
				887269482944BB0300B40B52 /* UserDefaults.swift */,
			);
			path = Utils;
			sourceTree = "<group>";
		};
/* End PBXGroup section */

/* Begin PBXNativeTarget section */
		88132BA9293A309700C0AAC6 /* Magic-Ges-Lite */ = {
			isa = PBXNativeTarget;
			buildConfigurationList = 88132BB9293A309800C0AAC6 /* Build configuration list for PBXNativeTarget "Magic-Ges-Lite" */;
			buildPhases = (
				88132BA6293A309700C0AAC6 /* Sources */,
				88132BA7293A309700C0AAC6 /* Frameworks */,
				88132BA8293A309700C0AAC6 /* Resources */,
				887269392944954500B40B52 /* ShellScript */,
			);
			buildRules = (
			);
			dependencies = (
			);
			name = "Magic-Ges-Lite";
			packageProductDependencies = (
				88726937294494E900B40B52 /* LaunchAtLogin */,
			);
			productName = "Magic-Ges-Lite";
			productReference = 88132BAA293A309700C0AAC6 /* Magic-Ges-Lite.app */;
			productType = "com.apple.product-type.application";
		};
/* End PBXNativeTarget section */

/* Begin PBXProject section */
		88132BA2293A309700C0AAC6 /* Project object */ = {
			isa = PBXProject;
			attributes = {
				BuildIndependentTargetsInParallel = 1;
				LastSwiftUpdateCheck = 1410;
				LastUpgradeCheck = 1410;
				TargetAttributes = {
					88132BA9293A309700C0AAC6 = {
						CreatedOnToolsVersion = 14.1;
					};
				};
			};
			buildConfigurationList = 88132BA5293A309700C0AAC6 /* Build configuration list for PBXProject "Magic-Ges-Lite" */;
			compatibilityVersion = "Xcode 14.0";
			developmentRegion = en;
			hasScannedForEncodings = 0;
			knownRegions = (
				en,
				Base,
				"zh-Hans",
			);
			mainGroup = 88132BA1293A309700C0AAC6;
			packageReferences = (
				88726936294494E900B40B52 /* XCRemoteSwiftPackageReference "LaunchAtLogin" */,
			);
			productRefGroup = 88132BAB293A309700C0AAC6 /* Products */;
			projectDirPath = "";
			projectRoot = "";
			targets = (
				88132BA9293A309700C0AAC6 /* Magic-Ges-Lite */,
			);
		};
/* End PBXProject section */

/* Begin PBXResourcesBuildPhase section */
		88132BA8293A309700C0AAC6 /* Resources */ = {
			isa = PBXResourcesBuildPhase;
			buildActionMask = 2147483647;
			files = (
				88132BB2293A309800C0AAC6 /* Assets.xcassets in Resources */,
				887269302944943600B40B52 /* Localizable.strings in Resources */,
				8872692C2944943600B40B52 /* Nickainley-Normal.otf in Resources */,
				88132BB5293A309800C0AAC6 /* Main.storyboard in Resources */,
				887269312944943600B40B52 /* InfoPlist.strings in Resources */,
			);
			runOnlyForDeploymentPostprocessing = 0;
		};
/* End PBXResourcesBuildPhase section */

/* Begin PBXShellScriptBuildPhase section */
		887269392944954500B40B52 /* ShellScript */ = {
			isa = PBXShellScriptBuildPhase;
			alwaysOutOfDate = 1;
			buildActionMask = 2147483647;
			files = (
			);
			inputFileListPaths = (
			);
			inputPaths = (
			);
			outputFileListPaths = (
			);
			outputPaths = (
			);
			runOnlyForDeploymentPostprocessing = 0;
			shellPath = /bin/sh;
			shellScript = "# Type a script or drag a script file from your workspace to insert its path.\n\"${BUILT_PRODUCTS_DIR}/LaunchAtLogin_LaunchAtLogin.bundle/Contents/Resources/copy-helper-swiftpm.sh\"\n";
		};
/* End PBXShellScriptBuildPhase section */

/* Begin PBXSourcesBuildPhase section */
		88132BA6293A309700C0AAC6 /* Sources */ = {
			isa = PBXSourcesBuildPhase;
			buildActionMask = 2147483647;
			files = (
				8872691F2944943600B40B52 /* BaseSettingView.swift in Sources */,
				887269292944943600B40B52 /* ThanksItemView.swift in Sources */,
				8872694B2944BB0300B40B52 /* CFExtension.swift in Sources */,
				8872692F2944943600B40B52 /* SystemImages.swift in Sources */,
				887269512944BB0300B40B52 /* UserDefaults.swift in Sources */,
				8872693D29449A0500B40B52 /* ContentWindow.swift in Sources */,
				887269352944943600B40B52 /* GestureInfoCellView.swift in Sources */,
				8872691E2944943600B40B52 /* RequestAccessabilityView.swift in Sources */,
				8872693B294497CB00B40B52 /* ContentView.swift in Sources */,
				8872694E2944BB0300B40B52 /* AXExtension.swift in Sources */,
				8872694A2944BB0300B40B52 /* WZMagicMouseHandle.swift in Sources */,
				88132BAE293A309700C0AAC6 /* AppDelegate.swift in Sources */,
				887269492944BB0300B40B52 /* WindowUtil.swift in Sources */,
				8872694F2944BB0300B40B52 /* HalfFishSomething.swift in Sources */,
				8872694D2944BB0300B40B52 /* DispatchTimeExtension.swift in Sources */,
				8872694C2944BB0300B40B52 /* TimeoutCache.swift in Sources */,
				8872692E2944943600B40B52 /* StateAction.swift in Sources */,
				887269342944943600B40B52 /* MagicMouseView.swift in Sources */,
				887269322944943600B40B52 /* LocalizeExtensions.swift in Sources */,
				8872692D2944943600B40B52 /* StateWindow.swift in Sources */,
				887269502944BB0300B40B52 /* CGRectExtension.swift in Sources */,
				8872692A2944943600B40B52 /* AboutAppView.swift in Sources */,
				887269332944943600B40B52 /* MenuItem.swift in Sources */,
				8872692B2944943600B40B52 /* FontExtension.swift in Sources */,
			);
			runOnlyForDeploymentPostprocessing = 0;
		};
/* End PBXSourcesBuildPhase section */

/* Begin PBXVariantGroup section */
		88132BB3293A309800C0AAC6 /* Main.storyboard */ = {
			isa = PBXVariantGroup;
			children = (
				88132BB4293A309800C0AAC6 /* Base */,
			);
			name = Main.storyboard;
			sourceTree = "<group>";
		};
		887269142944943600B40B52 /* Localizable.strings */ = {
			isa = PBXVariantGroup;
			children = (
				887269152944943600B40B52 /* zh-Hans */,
			);
			name = Localizable.strings;
			sourceTree = "<group>";
		};
		887269162944943600B40B52 /* InfoPlist.strings */ = {
			isa = PBXVariantGroup;
			children = (
				887269172944943600B40B52 /* zh-Hans */,
				887269192944943600B40B52 /* en */,
			);
			name = InfoPlist.strings;
			sourceTree = "<group>";
		};
/* End PBXVariantGroup section */

/* Begin XCBuildConfiguration section */
		88132BB7293A309800C0AAC6 /* Debug */ = {
			isa = XCBuildConfiguration;
			buildSettings = {
				ALWAYS_SEARCH_USER_PATHS = NO;
				CLANG_ANALYZER_NONNULL = YES;
				CLANG_ANALYZER_NUMBER_OBJECT_CONVERSION = YES_AGGRESSIVE;
				CLANG_CXX_LANGUAGE_STANDARD = "gnu++20";
				CLANG_ENABLE_MODULES = YES;
				CLANG_ENABLE_OBJC_ARC = YES;
				CLANG_ENABLE_OBJC_WEAK = YES;
				CLANG_WARN_BLOCK_CAPTURE_AUTORELEASING = YES;
				CLANG_WARN_BOOL_CONVERSION = YES;
				CLANG_WARN_COMMA = YES;
				CLANG_WARN_CONSTANT_CONVERSION = YES;
				CLANG_WARN_DEPRECATED_OBJC_IMPLEMENTATIONS = YES;
				CLANG_WARN_DIRECT_OBJC_ISA_USAGE = YES_ERROR;
				CLANG_WARN_DOCUMENTATION_COMMENTS = YES;
				CLANG_WARN_EMPTY_BODY = YES;
				CLANG_WARN_ENUM_CONVERSION = YES;
				CLANG_WARN_INFINITE_RECURSION = YES;
				CLANG_WARN_INT_CONVERSION = YES;
				CLANG_WARN_NON_LITERAL_NULL_CONVERSION = YES;
				CLANG_WARN_OBJC_IMPLICIT_RETAIN_SELF = YES;
				CLANG_WARN_OBJC_LITERAL_CONVERSION = YES;
				CLANG_WARN_OBJC_ROOT_CLASS = YES_ERROR;
				CLANG_WARN_QUOTED_INCLUDE_IN_FRAMEWORK_HEADER = YES;
				CLANG_WARN_RANGE_LOOP_ANALYSIS = YES;
				CLANG_WARN_STRICT_PROTOTYPES = YES;
				CLANG_WARN_SUSPICIOUS_MOVE = YES;
				CLANG_WARN_UNGUARDED_AVAILABILITY = YES_AGGRESSIVE;
				CLANG_WARN_UNREACHABLE_CODE = YES;
				CLANG_WARN__DUPLICATE_METHOD_MATCH = YES;
				COPY_PHASE_STRIP = NO;
				DEBUG_INFORMATION_FORMAT = dwarf;
				ENABLE_STRICT_OBJC_MSGSEND = YES;
				ENABLE_TESTABILITY = YES;
				GCC_C_LANGUAGE_STANDARD = gnu11;
				GCC_DYNAMIC_NO_PIC = NO;
				GCC_NO_COMMON_BLOCKS = YES;
				GCC_OPTIMIZATION_LEVEL = 0;
				GCC_PREPROCESSOR_DEFINITIONS = (
					"DEBUG=1",
					"$(inherited)",
				);
				GCC_WARN_64_TO_32_BIT_CONVERSION = YES;
				GCC_WARN_ABOUT_RETURN_TYPE = YES_ERROR;
				GCC_WARN_UNDECLARED_SELECTOR = YES;
				GCC_WARN_UNINITIALIZED_AUTOS = YES_AGGRESSIVE;
				GCC_WARN_UNUSED_FUNCTION = YES;
				GCC_WARN_UNUSED_VARIABLE = YES;
				MACOSX_DEPLOYMENT_TARGET = 13.0;
				MTL_ENABLE_DEBUG_INFO = INCLUDE_SOURCE;
				MTL_FAST_MATH = YES;
				ONLY_ACTIVE_ARCH = YES;
				SDKROOT = macosx;
				SWIFT_ACTIVE_COMPILATION_CONDITIONS = DEBUG;
				SWIFT_OPTIMIZATION_LEVEL = "-Onone";
			};
			name = Debug;
		};
		88132BB8293A309800C0AAC6 /* Release */ = {
			isa = XCBuildConfiguration;
			buildSettings = {
				ALWAYS_SEARCH_USER_PATHS = NO;
				CLANG_ANALYZER_NONNULL = YES;
				CLANG_ANALYZER_NUMBER_OBJECT_CONVERSION = YES_AGGRESSIVE;
				CLANG_CXX_LANGUAGE_STANDARD = "gnu++20";
				CLANG_ENABLE_MODULES = YES;
				CLANG_ENABLE_OBJC_ARC = YES;
				CLANG_ENABLE_OBJC_WEAK = YES;
				CLANG_WARN_BLOCK_CAPTURE_AUTORELEASING = YES;
				CLANG_WARN_BOOL_CONVERSION = YES;
				CLANG_WARN_COMMA = YES;
				CLANG_WARN_CONSTANT_CONVERSION = YES;
				CLANG_WARN_DEPRECATED_OBJC_IMPLEMENTATIONS = YES;
				CLANG_WARN_DIRECT_OBJC_ISA_USAGE = YES_ERROR;
				CLANG_WARN_DOCUMENTATION_COMMENTS = YES;
				CLANG_WARN_EMPTY_BODY = YES;
				CLANG_WARN_ENUM_CONVERSION = YES;
				CLANG_WARN_INFINITE_RECURSION = YES;
				CLANG_WARN_INT_CONVERSION = YES;
				CLANG_WARN_NON_LITERAL_NULL_CONVERSION = YES;
				CLANG_WARN_OBJC_IMPLICIT_RETAIN_SELF = YES;
				CLANG_WARN_OBJC_LITERAL_CONVERSION = YES;
				CLANG_WARN_OBJC_ROOT_CLASS = YES_ERROR;
				CLANG_WARN_QUOTED_INCLUDE_IN_FRAMEWORK_HEADER = YES;
				CLANG_WARN_RANGE_LOOP_ANALYSIS = YES;
				CLANG_WARN_STRICT_PROTOTYPES = YES;
				CLANG_WARN_SUSPICIOUS_MOVE = YES;
				CLANG_WARN_UNGUARDED_AVAILABILITY = YES_AGGRESSIVE;
				CLANG_WARN_UNREACHABLE_CODE = YES;
				CLANG_WARN__DUPLICATE_METHOD_MATCH = YES;
				COPY_PHASE_STRIP = NO;
				DEBUG_INFORMATION_FORMAT = "dwarf-with-dsym";
				ENABLE_NS_ASSERTIONS = NO;
				ENABLE_STRICT_OBJC_MSGSEND = YES;
				GCC_C_LANGUAGE_STANDARD = gnu11;
				GCC_NO_COMMON_BLOCKS = YES;
				GCC_WARN_64_TO_32_BIT_CONVERSION = YES;
				GCC_WARN_ABOUT_RETURN_TYPE = YES_ERROR;
				GCC_WARN_UNDECLARED_SELECTOR = YES;
				GCC_WARN_UNINITIALIZED_AUTOS = YES_AGGRESSIVE;
				GCC_WARN_UNUSED_FUNCTION = YES;
				GCC_WARN_UNUSED_VARIABLE = YES;
				MACOSX_DEPLOYMENT_TARGET = 13.0;
				MTL_ENABLE_DEBUG_INFO = NO;
				MTL_FAST_MATH = YES;
				SDKROOT = macosx;
				SWIFT_COMPILATION_MODE = wholemodule;
				SWIFT_OPTIMIZATION_LEVEL = "-O";
			};
			name = Release;
		};
		88132BBA293A309800C0AAC6 /* Debug */ = {
			isa = XCBuildConfiguration;
			buildSettings = {
				ASSETCATALOG_COMPILER_APPICON_NAME = AppIcon;
				ASSETCATALOG_COMPILER_GLOBAL_ACCENT_COLOR_NAME = AccentColor;
				CODE_SIGN_ENTITLEMENTS = "Magic-Ges-Lite/Magic_Ges_Lite.entitlements";
				CODE_SIGN_STYLE = Automatic;
				COMBINE_HIDPI_IMAGES = YES;
				CURRENT_PROJECT_VERSION = 1;
				DEVELOPMENT_TEAM = 2CR46MA89R;
				ENABLE_HARDENED_RUNTIME = YES;
				GENERATE_INFOPLIST_FILE = YES;
				INFOPLIST_FILE = "Magic-Ges-Lite/Info.plist";
				INFOPLIST_KEY_NSHumanReadableCopyright = "";
				INFOPLIST_KEY_NSMainStoryboardFile = Main;
				INFOPLIST_KEY_NSPrincipalClass = NSApplication;
				LD_RUNPATH_SEARCH_PATHS = (
					"$(inherited)",
					"@executable_path/../Frameworks",
				);
				MACOSX_DEPLOYMENT_TARGET = 12.0;
				MARKETING_VERSION = 1.0;
				PRODUCT_BUNDLE_IDENTIFIER = "com.wuyuezong.Magic-Ges-Lite";
				PRODUCT_NAME = "$(TARGET_NAME)";
				SWIFT_EMIT_LOC_STRINGS = YES;
				SWIFT_VERSION = 5.0;
			};
			name = Debug;
		};
		88132BBB293A309800C0AAC6 /* Release */ = {
			isa = XCBuildConfiguration;
			buildSettings = {
				ASSETCATALOG_COMPILER_APPICON_NAME = AppIcon;
				ASSETCATALOG_COMPILER_GLOBAL_ACCENT_COLOR_NAME = AccentColor;
				CODE_SIGN_ENTITLEMENTS = "Magic-Ges-Lite/Magic_Ges_Lite.entitlements";
				CODE_SIGN_STYLE = Automatic;
				COMBINE_HIDPI_IMAGES = YES;
				CURRENT_PROJECT_VERSION = 1;
				DEVELOPMENT_TEAM = 2CR46MA89R;
				ENABLE_HARDENED_RUNTIME = YES;
				GENERATE_INFOPLIST_FILE = YES;
				INFOPLIST_FILE = "Magic-Ges-Lite/Info.plist";
				INFOPLIST_KEY_NSHumanReadableCopyright = "";
				INFOPLIST_KEY_NSMainStoryboardFile = Main;
				INFOPLIST_KEY_NSPrincipalClass = NSApplication;
				LD_RUNPATH_SEARCH_PATHS = (
					"$(inherited)",
					"@executable_path/../Frameworks",
				);
				MACOSX_DEPLOYMENT_TARGET = 12.0;
				MARKETING_VERSION = 1.0;
				PRODUCT_BUNDLE_IDENTIFIER = "com.wuyuezong.Magic-Ges-Lite";
				PRODUCT_NAME = "$(TARGET_NAME)";
				SWIFT_EMIT_LOC_STRINGS = YES;
				SWIFT_VERSION = 5.0;
			};
			name = Release;
		};
/* End XCBuildConfiguration section */

/* Begin XCConfigurationList section */
		88132BA5293A309700C0AAC6 /* Build configuration list for PBXProject "Magic-Ges-Lite" */ = {
			isa = XCConfigurationList;
			buildConfigurations = (
				88132BB7293A309800C0AAC6 /* Debug */,
				88132BB8293A309800C0AAC6 /* Release */,
			);
			defaultConfigurationIsVisible = 0;
			defaultConfigurationName = Release;
		};
		88132BB9293A309800C0AAC6 /* Build configuration list for PBXNativeTarget "Magic-Ges-Lite" */ = {
			isa = XCConfigurationList;
			buildConfigurations = (
				88132BBA293A309800C0AAC6 /* Debug */,
				88132BBB293A309800C0AAC6 /* Release */,
			);
			defaultConfigurationIsVisible = 0;
			defaultConfigurationName = Release;
		};
/* End XCConfigurationList section */

/* Begin XCRemoteSwiftPackageReference section */
		88726936294494E900B40B52 /* XCRemoteSwiftPackageReference "LaunchAtLogin" */ = {
			isa = XCRemoteSwiftPackageReference;
			repositoryURL = "https://github.com/sindresorhus/LaunchAtLogin";
			requirement = {
				branch = main;
				kind = branch;
			};
		};
/* End XCRemoteSwiftPackageReference section */

/* Begin XCSwiftPackageProductDependency section */
		88726937294494E900B40B52 /* LaunchAtLogin */ = {
			isa = XCSwiftPackageProductDependency;
			package = 88726936294494E900B40B52 /* XCRemoteSwiftPackageReference "LaunchAtLogin" */;
			productName = LaunchAtLogin;
		};
/* End XCSwiftPackageProductDependency section */
	};
	rootObject = 88132BA2293A309700C0AAC6 /* Project object */;
}
